
Microsoft Visual Studio Solution File, Format Version 12.00
# Visual Studio 15
VisualStudioVersion = 15.0.28307.705
MinimumVisualStudioVersion = 10.0.40219.1
Project("{FAE04EC0-301F-11D3-BF4B-00C04F79EFBC}") = "TestIdentityServer4_WebClient", "TestIdentityServer4_WebClient\TestIdentityServer4_WebClient.csproj", "{C607EBEA-2EF1-4432-9470-0E2D8707646D}"
EndProject
Global
	GlobalSection(SolutionConfigurationPlatforms) = preSolution
		Debug|Any CPU = Debug|Any CPU
		Release|Any CPU = Release|Any CPU
	EndGlobalSection
	GlobalSection(ProjectConfigurationPlatforms) = postSolution
		{C607EBEA-2EF1-4432-9470-0E2D8707646D}.Debug|Any CPU.ActiveCfg = Debug|Any CPU
		{C607EBEA-2EF1-4432-9470-0E2D8707646D}.Debug|Any CPU.Build.0 = Debug|Any CPU
		{C607EBEA-2EF1-4432-9470-0E2D8707646D}.Release|Any CPU.ActiveCfg = Release|Any CPU
		{C607EBEA-2EF1-4432-9470-0E2D8707646D}.Release|Any CPU.Build.0 = Release|Any CPU
	EndGlobalSection
	GlobalSection(SolutionProperties) = preSolution
		HideSolutionNode = FALSE
	EndGlobalSection
	GlobalSection(ExtensibilityGlobals) = postSolution
		SolutionGuid = {5AA79D6E-DBE8-4B41-81A7-E0BF6B0F39BE}
	EndGlobalSection
EndGlobal
